
Microsoft Visual Studio Solution File, Format Version 12.00
Project("{FAE04EC0-301F-11D3-BF4B-00C04F79EFBC}") = "Sacc", "Sacc\Sacc.csproj", "{CE764E66-9B94-45BB-8AA8-078DD39D799E}"
EndProject
Project("{FAE04EC0-301F-11D3-BF4B-00C04F79EFBC}") = "Tests", "Tests\Tests.csproj", "{DAA7ECD0-DF02-426B-85BC-5BFCF52E46AE}"
EndProject
Global
	GlobalSection(SolutionConfigurationPlatforms) = preSolution
		Debug|Any CPU = Debug|Any CPU
		Release|Any CPU = Release|Any CPU
	EndGlobalSection
	GlobalSection(ProjectConfigurationPlatforms) = postSolution
		{CE764E66-9B94-45BB-8AA8-078DD39D799E}.Debug|Any CPU.ActiveCfg = Debug|Any CPU
		{CE764E66-9B94-45BB-8AA8-078DD39D799E}.Debug|Any CPU.Build.0 = Debug|Any CPU
		{CE764E66-9B94-45BB-8AA8-078DD39D799E}.Release|Any CPU.ActiveCfg = Release|Any CPU
		{CE764E66-9B94-45BB-8AA8-078DD39D799E}.Release|Any CPU.Build.0 = Release|Any CPU
		{DAA7ECD0-DF02-426B-85BC-5BFCF52E46AE}.Debug|Any CPU.ActiveCfg = Debug|Any CPU
		{DAA7ECD0-DF02-426B-85BC-5BFCF52E46AE}.Debug|Any CPU.Build.0 = Debug|Any CPU
		{DAA7ECD0-DF02-426B-85BC-5BFCF52E46AE}.Release|Any CPU.ActiveCfg = Release|Any CPU
		{DAA7ECD0-DF02-426B-85BC-5BFCF52E46AE}.Release|Any CPU.Build.0 = Release|Any CPU
	EndGlobalSection
EndGlobal
